
Microsoft Visual Studio Solution File, Format Version 12.00
Project("{2150E333-8FDC-42A3-9474-1A3956D46DE8}") = "src", "src", "{52817B85-DA80-4EB8-9A84-CD4852A684B1}"
EndProject
Project("{2150E333-8FDC-42A3-9474-1A3956D46DE8}") = "Desktop", "Desktop", "{1CC281B1-808F-4F20-BF85-4C3B54EB5356}"
EndProject
Project("{2150E333-8FDC-42A3-9474-1A3956D46DE8}") = "Core", "Core", "{2704B8BA-5181-4786-A11E-BA69C0A82FCC}"
EndProject
Project("{2150E333-8FDC-42A3-9474-1A3956D46DE8}") = "Infrastructure", "Infrastructure", "{B36F153E-6E38-4A57-943B-1A0AE9170386}"
EndProject
Project("{FAE04EC0-301F-11D3-BF4B-00C04F79EFBC}") = "KyroClient.Desktop", "KyroClient.Desktop\KyroClient.Desktop.csproj", "{33AC65CD-0EB8-4D3B-8279-4F7131E90604}"
EndProject
Project("{FAE04EC0-301F-11D3-BF4B-00C04F79EFBC}") = "KyroClient.Core", "KyroClient.Core\KyroClient.Core.csproj", "{7848A179-5AA2-46D9-BD65-A32F09D031A2}"
EndProject
Project("{FAE04EC0-301F-11D3-BF4B-00C04F79EFBC}") = "KyroClient.PostgreSql", "KyroClient.PostgreSql\KyroClient.PostgreSql.csproj", "{8B851F3C-9F11-4C40-A3C9-5D024F79CEDF}"
EndProject
Project("{FAE04EC0-301F-11D3-BF4B-00C04F79EFBC}") = "KyroClient.WindowsSecrets", "KyroClient.WindowsSecrets\KyroClient.WindowsSecrets.csproj", "{33033119-1665-437E-9A11-789E3220243B}"
EndProject
Project("{FAE04EC0-301F-11D3-BF4B-00C04F79EFBC}") = "KyroClient.LinuxSecrets", "KyroClient.LinuxSecrets\KyroClient.LinuxSecrets.csproj", "{E5B12FD9-3E46-4696-9FBB-F54E19EBF5A9}"
EndProject
Project("{FAE04EC0-301F-11D3-BF4B-00C04F79EFBC}") = "KyroClient.EncryptFile", "KyroClient.EncryptFile\KyroClient.EncryptFile.csproj", "{5B0D21B5-262C-4707-A42E-9D9256DB0EED}"
EndProject
Global
	GlobalSection(SolutionConfigurationPlatforms) = preSolution
		Debug|Any CPU = Debug|Any CPU
		Release|Any CPU = Release|Any CPU
	EndGlobalSection
	GlobalSection(ProjectConfigurationPlatforms) = postSolution
		{33AC65CD-0EB8-4D3B-8279-4F7131E90604}.Debug|Any CPU.ActiveCfg = Debug|Any CPU
		{33AC65CD-0EB8-4D3B-8279-4F7131E90604}.Debug|Any CPU.Build.0 = Debug|Any CPU
		{33AC65CD-0EB8-4D3B-8279-4F7131E90604}.Release|Any CPU.ActiveCfg = Release|Any CPU
		{33AC65CD-0EB8-4D3B-8279-4F7131E90604}.Release|Any CPU.Build.0 = Release|Any CPU
		{7848A179-5AA2-46D9-BD65-A32F09D031A2}.Debug|Any CPU.ActiveCfg = Debug|Any CPU
		{7848A179-5AA2-46D9-BD65-A32F09D031A2}.Debug|Any CPU.Build.0 = Debug|Any CPU
		{7848A179-5AA2-46D9-BD65-A32F09D031A2}.Release|Any CPU.ActiveCfg = Release|Any CPU
		{7848A179-5AA2-46D9-BD65-A32F09D031A2}.Release|Any CPU.Build.0 = Release|Any CPU
		{8B851F3C-9F11-4C40-A3C9-5D024F79CEDF}.Debug|Any CPU.ActiveCfg = Debug|Any CPU
		{8B851F3C-9F11-4C40-A3C9-5D024F79CEDF}.Debug|Any CPU.Build.0 = Debug|Any CPU
		{8B851F3C-9F11-4C40-A3C9-5D024F79CEDF}.Release|Any CPU.ActiveCfg = Release|Any CPU
		{8B851F3C-9F11-4C40-A3C9-5D024F79CEDF}.Release|Any CPU.Build.0 = Release|Any CPU
		{33033119-1665-437E-9A11-789E3220243B}.Debug|Any CPU.ActiveCfg = Debug|Any CPU
		{33033119-1665-437E-9A11-789E3220243B}.Debug|Any CPU.Build.0 = Debug|Any CPU
		{33033119-1665-437E-9A11-789E3220243B}.Release|Any CPU.ActiveCfg = Release|Any CPU
		{33033119-1665-437E-9A11-789E3220243B}.Release|Any CPU.Build.0 = Release|Any CPU
		{E5B12FD9-3E46-4696-9FBB-F54E19EBF5A9}.Debug|Any CPU.ActiveCfg = Debug|Any CPU
		{E5B12FD9-3E46-4696-9FBB-F54E19EBF5A9}.Debug|Any CPU.Build.0 = Debug|Any CPU
		{E5B12FD9-3E46-4696-9FBB-F54E19EBF5A9}.Release|Any CPU.ActiveCfg = Release|Any CPU
		{E5B12FD9-3E46-4696-9FBB-F54E19EBF5A9}.Release|Any CPU.Build.0 = Release|Any CPU
		{5B0D21B5-262C-4707-A42E-9D9256DB0EED}.Debug|Any CPU.ActiveCfg = Debug|Any CPU
		{5B0D21B5-262C-4707-A42E-9D9256DB0EED}.Debug|Any CPU.Build.0 = Debug|Any CPU
		{5B0D21B5-262C-4707-A42E-9D9256DB0EED}.Release|Any CPU.ActiveCfg = Release|Any CPU
		{5B0D21B5-262C-4707-A42E-9D9256DB0EED}.Release|Any CPU.Build.0 = Release|Any CPU
	EndGlobalSection
	GlobalSection(NestedProjects) = preSolution
		{1CC281B1-808F-4F20-BF85-4C3B54EB5356} = {52817B85-DA80-4EB8-9A84-CD4852A684B1}
		{2704B8BA-5181-4786-A11E-BA69C0A82FCC} = {52817B85-DA80-4EB8-9A84-CD4852A684B1}
		{B36F153E-6E38-4A57-943B-1A0AE9170386} = {52817B85-DA80-4EB8-9A84-CD4852A684B1}
		{33AC65CD-0EB8-4D3B-8279-4F7131E90604} = {1CC281B1-808F-4F20-BF85-4C3B54EB5356}
		{7848A179-5AA2-46D9-BD65-A32F09D031A2} = {2704B8BA-5181-4786-A11E-BA69C0A82FCC}
		{8B851F3C-9F11-4C40-A3C9-5D024F79CEDF} = {B36F153E-6E38-4A57-943B-1A0AE9170386}
		{33033119-1665-437E-9A11-789E3220243B} = {B36F153E-6E38-4A57-943B-1A0AE9170386}
		{E5B12FD9-3E46-4696-9FBB-F54E19EBF5A9} = {B36F153E-6E38-4A57-943B-1A0AE9170386}
		{5B0D21B5-262C-4707-A42E-9D9256DB0EED} = {B36F153E-6E38-4A57-943B-1A0AE9170386}
	EndGlobalSection
EndGlobal
